
Microsoft Visual Studio Solution File, Format Version 12.00
# Visual Studio Version 16
VisualStudioVersion = 25.0.1704.0
MinimumVisualStudioVersion = 10.0.40219.1
Project("{FAE04EC0-301F-11D3-BF4B-00C04F79EFBC}") = "RockPaperScissors", "RockPaperScissors\RockPaperScissors.csproj", "{9528C20D-805F-4620-B7B3-DD4638D4A420}"
EndProject
Global
	GlobalSection(SolutionConfigurationPlatforms) = preSolution
		Debug|Any CPU = Debug|Any CPU
		Release|Any CPU = Release|Any CPU
	EndGlobalSection
	GlobalSection(ProjectConfigurationPlatforms) = postSolution
		{9528C20D-805F-4620-B7B3-DD4638D4A420}.Debug|Any CPU.ActiveCfg = Debug|Any CPU
		{9528C20D-805F-4620-B7B3-DD4638D4A420}.Debug|Any CPU.Build.0 = Debug|Any CPU
		{9528C20D-805F-4620-B7B3-DD4638D4A420}.Release|Any CPU.ActiveCfg = Release|Any CPU
		{9528C20D-805F-4620-B7B3-DD4638D4A420}.Release|Any CPU.Build.0 = Release|Any CPU
	EndGlobalSection
	GlobalSection(SolutionProperties) = preSolution
		HideSolutionNode = FALSE
	EndGlobalSection
	GlobalSection(ExtensibilityGlobals) = postSolution
		SolutionGuid = {C9F882A5-34E7-41F4-BB34-1B22ABDE2D27}
	EndGlobalSection
EndGlobal
